// !$*UTF8*$!
{
	archiveVersion = 1;
	classes = {
	};
	objectVersion = 55;
	objects = {

/* Begin PBXBuildFile section */
		D38558952BD15D56008DE4C6 /* Ejercicio_MVVMApp.swift in Sources */ = {isa = PBXBuildFile; fileRef = D38558942BD15D56008DE4C6 /* Ejercicio_MVVMApp.swift */; };
		D38558972BD15D56008DE4C6 /* ContentView.swift in Sources */ = {isa = PBXBuildFile; fileRef = D38558962BD15D56008DE4C6 /* ContentView.swift */; };
		D38558992BD15D5A008DE4C6 /* Assets.xcassets in Resources */ = {isa = PBXBuildFile; fileRef = D38558982BD15D5A008DE4C6 /* Assets.xcassets */; };
		D385589C2BD15D5A008DE4C6 /* Preview Assets.xcassets in Resources */ = {isa = PBXBuildFile; fileRef = D385589B2BD15D5A008DE4C6 /* Preview Assets.xcassets */; };
		D38558A62BD15D5B008DE4C6 /* Ejercicio_MVVMTests.swift in Sources */ = {isa = PBXBuildFile; fileRef = D38558A52BD15D5B008DE4C6 /* Ejercicio_MVVMTests.swift */; };
		D38558B02BD15D5B008DE4C6 /* Ejercicio_MVVMUITests.swift in Sources */ = {isa = PBXBuildFile; fileRef = D38558AF2BD15D5B008DE4C6 /* Ejercicio_MVVMUITests.swift */; };
		D38558B22BD15D5B008DE4C6 /* Ejercicio_MVVMUITestsLaunchTests.swift in Sources */ = {isa = PBXBuildFile; fileRef = D38558B12BD15D5B008DE4C6 /* Ejercicio_MVVMUITestsLaunchTests.swift */; };
		D38558BF2BD15E55008DE4C6 /* ModeloUsuario.swift in Sources */ = {isa = PBXBuildFile; fileRef = D38558BE2BD15E55008DE4C6 /* ModeloUsuario.swift */; };
		D38558C12BD15E89008DE4C6 /* RegistroView.swift in Sources */ = {isa = PBXBuildFile; fileRef = D38558C02BD15E89008DE4C6 /* RegistroView.swift */; };
		D38558C32BD15EA7008DE4C6 /* RegistroViewModel.swift in Sources */ = {isa = PBXBuildFile; fileRef = D38558C22BD15EA7008DE4C6 /* RegistroViewModel.swift */; };
/* End PBXBuildFile section */

/* Begin PBXContainerItemProxy section */
		D38558A22BD15D5B008DE4C6 /* PBXContainerItemProxy */ = {
			isa = PBXContainerItemProxy;
			containerPortal = D38558892BD15D56008DE4C6 /* Project object */;
			proxyType = 1;
			remoteGlobalIDString = D38558902BD15D56008DE4C6;
			remoteInfo = "Ejercicio MVVM";
		};
		D38558AC2BD15D5B008DE4C6 /* PBXContainerItemProxy */ = {
			isa = PBXContainerItemProxy;
			containerPortal = D38558892BD15D56008DE4C6 /* Project object */;
			proxyType = 1;
			remoteGlobalIDString = D38558902BD15D56008DE4C6;
			remoteInfo = "Ejercicio MVVM";
		};
/* End PBXContainerItemProxy section */

/* Begin PBXFileReference section */
		D38558912BD15D56008DE4C6 /* Ejercicio MVVM.app */ = {isa = PBXFileReference; explicitFileType = wrapper.application; includeInIndex = 0; path = "Ejercicio MVVM.app"; sourceTree = BUILT_PRODUCTS_DIR; };
		D38558942BD15D56008DE4C6 /* Ejercicio_MVVMApp.swift */ = {isa = PBXFileReference; lastKnownFileType = sourcecode.swift; path = Ejercicio_MVVMApp.swift; sourceTree = "<group>"; };
		D38558962BD15D56008DE4C6 /* ContentView.swift */ = {isa = PBXFileReference; lastKnownFileType = sourcecode.swift; path = ContentView.swift; sourceTree = "<group>"; };
		D38558982BD15D5A008DE4C6 /* Assets.xcassets */ = {isa = PBXFileReference; lastKnownFileType = folder.assetcatalog; path = Assets.xcassets; sourceTree = "<group>"; };
		D385589B2BD15D5A008DE4C6 /* Preview Assets.xcassets */ = {isa = PBXFileReference; lastKnownFileType = folder.assetcatalog; path = "Preview Assets.xcassets"; sourceTree = "<group>"; };
		D38558A12BD15D5B008DE4C6 /* Ejercicio MVVMTests.xctest */ = {isa = PBXFileReference; explicitFileType = wrapper.cfbundle; includeInIndex = 0; path = "Ejercicio MVVMTests.xctest"; sourceTree = BUILT_PRODUCTS_DIR; };
		D38558A52BD15D5B008DE4C6 /* Ejercicio_MVVMTests.swift */ = {isa = PBXFileReference; lastKnownFileType = sourcecode.swift; path = Ejercicio_MVVMTests.swift; sourceTree = "<group>"; };
		D38558AB2BD15D5B008DE4C6 /* Ejercicio MVVMUITests.xctest */ = {isa = PBXFileReference; explicitFileType = wrapper.cfbundle; includeInIndex = 0; path = "Ejercicio MVVMUITests.xctest"; sourceTree = BUILT_PRODUCTS_DIR; };
		D38558AF2BD15D5B008DE4C6 /* Ejercicio_MVVMUITests.swift */ = {isa = PBXFileReference; lastKnownFileType = sourcecode.swift; path = Ejercicio_MVVMUITests.swift; sourceTree = "<group>"; };
		D38558B12BD15D5B008DE4C6 /* Ejercicio_MVVMUITestsLaunchTests.swift */ = {isa = PBXFileReference; lastKnownFileType = sourcecode.swift; path = Ejercicio_MVVMUITestsLaunchTests.swift; sourceTree = "<group>"; };
		D38558BE2BD15E55008DE4C6 /* ModeloUsuario.swift */ = {isa = PBXFileReference; lastKnownFileType = sourcecode.swift; path = ModeloUsuario.swift; sourceTree = "<group>"; };
		D38558C02BD15E89008DE4C6 /* RegistroView.swift */ = {isa = PBXFileReference; lastKnownFileType = sourcecode.swift; path = RegistroView.swift; sourceTree = "<group>"; };
		D38558C22BD15EA7008DE4C6 /* RegistroViewModel.swift */ = {isa = PBXFileReference; lastKnownFileType = sourcecode.swift; path = RegistroViewModel.swift; sourceTree = "<group>"; };
/* End PBXFileReference section */

/* Begin PBXFrameworksBuildPhase section */
		D385588E2BD15D56008DE4C6 /* Frameworks */ = {
			isa = PBXFrameworksBuildPhase;
			buildActionMask = 2147483647;
			files = (
			);
			runOnlyForDeploymentPostprocessing = 0;
		};
		D385589E2BD15D5B008DE4C6 /* Frameworks */ = {
			isa = PBXFrameworksBuildPhase;
			buildActionMask = 2147483647;
			files = (
			);
			runOnlyForDeploymentPostprocessing = 0;
		};
		D38558A82BD15D5B008DE4C6 /* Frameworks */ = {
			isa = PBXFrameworksBuildPhase;
			buildActionMask = 2147483647;
			files = (
			);
			runOnlyForDeploymentPostprocessing = 0;
		};
/* End PBXFrameworksBuildPhase section */

/* Begin PBXGroup section */
		D38558882BD15D56008DE4C6 = {
			isa = PBXGroup;
			children = (
				D38558932BD15D56008DE4C6 /* Ejercicio MVVM */,
				D38558A42BD15D5B008DE4C6 /* Ejercicio MVVMTests */,
				D38558AE2BD15D5B008DE4C6 /* Ejercicio MVVMUITests */,
				D38558922BD15D56008DE4C6 /* Products */,
			);
			sourceTree = "<group>";
		};
		D38558922BD15D56008DE4C6 /* Products */ = {
			isa = PBXGroup;
			children = (
				D38558912BD15D56008DE4C6 /* Ejercicio MVVM.app */,
				D38558A12BD15D5B008DE4C6 /* Ejercicio MVVMTests.xctest */,
				D38558AB2BD15D5B008DE4C6 /* Ejercicio MVVMUITests.xctest */,
			);
			name = Products;
			sourceTree = "<group>";
		};
		D38558932BD15D56008DE4C6 /* Ejercicio MVVM */ = {
			isa = PBXGroup;
			children = (
				D38558942BD15D56008DE4C6 /* Ejercicio_MVVMApp.swift */,
				D38558962BD15D56008DE4C6 /* ContentView.swift */,
				D38558982BD15D5A008DE4C6 /* Assets.xcassets */,
				D385589A2BD15D5A008DE4C6 /* Preview Content */,
				D38558BE2BD15E55008DE4C6 /* ModeloUsuario.swift */,
				D38558C02BD15E89008DE4C6 /* RegistroView.swift */,
				D38558C22BD15EA7008DE4C6 /* RegistroViewModel.swift */,
			);
			path = "Ejercicio MVVM";
			sourceTree = "<group>";
		};
		D385589A2BD15D5A008DE4C6 /* Preview Content */ = {
			isa = PBXGroup;
			children = (
				D385589B2BD15D5A008DE4C6 /* Preview Assets.xcassets */,
			);
			path = "Preview Content";
			sourceTree = "<group>";
		};
		D38558A42BD15D5B008DE4C6 /* Ejercicio MVVMTests */ = {
			isa = PBXGroup;
			children = (
				D38558A52BD15D5B008DE4C6 /* Ejercicio_MVVMTests.swift */,
			);
			path = "Ejercicio MVVMTests";
			sourceTree = "<group>";
		};
		D38558AE2BD15D5B008DE4C6 /* Ejercicio MVVMUITests */ = {
			isa = PBXGroup;
			children = (
				D38558AF2BD15D5B008DE4C6 /* Ejercicio_MVVMUITests.swift */,
				D38558B12BD15D5B008DE4C6 /* Ejercicio_MVVMUITestsLaunchTests.swift */,
			);
			path = "Ejercicio MVVMUITests";
			sourceTree = "<group>";
		};
/* End PBXGroup section */

/* Begin PBXNativeTarget section */
		D38558902BD15D56008DE4C6 /* Ejercicio MVVM */ = {
			isa = PBXNativeTarget;
			buildConfigurationList = D38558B52BD15D5B008DE4C6 /* Build configuration list for PBXNativeTarget "Ejercicio MVVM" */;
			buildPhases = (
				D385588D2BD15D56008DE4C6 /* Sources */,
				D385588E2BD15D56008DE4C6 /* Frameworks */,
				D385588F2BD15D56008DE4C6 /* Resources */,
			);
			buildRules = (
			);
			dependencies = (
			);
			name = "Ejercicio MVVM";
			productName = "Ejercicio MVVM";
			productReference = D38558912BD15D56008DE4C6 /* Ejercicio MVVM.app */;
			productType = "com.apple.product-type.application";
		};
		D38558A02BD15D5B008DE4C6 /* Ejercicio MVVMTests */ = {
			isa = PBXNativeTarget;
			buildConfigurationList = D38558B82BD15D5B008DE4C6 /* Build configuration list for PBXNativeTarget "Ejercicio MVVMTests" */;
			buildPhases = (
				D385589D2BD15D5B008DE4C6 /* Sources */,
				D385589E2BD15D5B008DE4C6 /* Frameworks */,
				D385589F2BD15D5B008DE4C6 /* Resources */,
			);
			buildRules = (
			);
			dependencies = (
				D38558A32BD15D5B008DE4C6 /* PBXTargetDependency */,
			);
			name = "Ejercicio MVVMTests";
			productName = "Ejercicio MVVMTests";
			productReference = D38558A12BD15D5B008DE4C6 /* Ejercicio MVVMTests.xctest */;
			productType = "com.apple.product-type.bundle.unit-test";
		};
		D38558AA2BD15D5B008DE4C6 /* Ejercicio MVVMUITests */ = {
			isa = PBXNativeTarget;
			buildConfigurationList = D38558BB2BD15D5B008DE4C6 /* Build configuration list for PBXNativeTarget "Ejercicio MVVMUITests" */;
			buildPhases = (
				D38558A72BD15D5B008DE4C6 /* Sources */,
				D38558A82BD15D5B008DE4C6 /* Frameworks */,
				D38558A92BD15D5B008DE4C6 /* Resources */,
			);
			buildRules = (
			);
			dependencies = (
				D38558AD2BD15D5B008DE4C6 /* PBXTargetDependency */,
			);
			name = "Ejercicio MVVMUITests";
			productName = "Ejercicio MVVMUITests";
			productReference = D38558AB2BD15D5B008DE4C6 /* Ejercicio MVVMUITests.xctest */;
			productType = "com.apple.product-type.bundle.ui-testing";
		};
/* End PBXNativeTarget section */

/* Begin PBXProject section */
		D38558892BD15D56008DE4C6 /* Project object */ = {
			isa = PBXProject;
			attributes = {
				BuildIndependentTargetsInParallel = 1;
				LastSwiftUpdateCheck = 1340;
				LastUpgradeCheck = 1340;
				TargetAttributes = {
					D38558902BD15D56008DE4C6 = {
						CreatedOnToolsVersion = 13.4;
					};
					D38558A02BD15D5B008DE4C6 = {
						CreatedOnToolsVersion = 13.4;
						TestTargetID = D38558902BD15D56008DE4C6;
					};
					D38558AA2BD15D5B008DE4C6 = {
						CreatedOnToolsVersion = 13.4;
						TestTargetID = D38558902BD15D56008DE4C6;
					};
				};
			};
			buildConfigurationList = D385588C2BD15D56008DE4C6 /* Build configuration list for PBXProject "Ejercicio MVVM" */;
			compatibilityVersion = "Xcode 13.0";
			developmentRegion = en;
			hasScannedForEncodings = 0;
			knownRegions = (
				en,
				Base,
			);
			mainGroup = D38558882BD15D56008DE4C6;
			productRefGroup = D38558922BD15D56008DE4C6 /* Products */;
			projectDirPath = "";
			projectRoot = "";
			targets = (
				D38558902BD15D56008DE4C6 /* Ejercicio MVVM */,
				D38558A02BD15D5B008DE4C6 /* Ejercicio MVVMTests */,
				D38558AA2BD15D5B008DE4C6 /* Ejercicio MVVMUITests */,
			);
		};
/* End PBXProject section */

/* Begin PBXResourcesBuildPhase section */
		D385588F2BD15D56008DE4C6 /* Resources */ = {
			isa = PBXResourcesBuildPhase;
			buildActionMask = 2147483647;
			files = (
				D385589C2BD15D5A008DE4C6 /* Preview Assets.xcassets in Resources */,
				D38558992BD15D5A008DE4C6 /* Assets.xcassets in Resources */,
			);
			runOnlyForDeploymentPostprocessing = 0;
		};
		D385589F2BD15D5B008DE4C6 /* Resources */ = {
			isa = PBXResourcesBuildPhase;
			buildActionMask = 2147483647;
			files = (
			);
			runOnlyForDeploymentPostprocessing = 0;
		};
		D38558A92BD15D5B008DE4C6 /* Resources */ = {
			isa = PBXResourcesBuildPhase;
			buildActionMask = 2147483647;
			files = (
			);
			runOnlyForDeploymentPostprocessing = 0;
		};
/* End PBXResourcesBuildPhase section */

/* Begin PBXSourcesBuildPhase section */
		D385588D2BD15D56008DE4C6 /* Sources */ = {
			isa = PBXSourcesBuildPhase;
			buildActionMask = 2147483647;
			files = (
				D38558BF2BD15E55008DE4C6 /* ModeloUsuario.swift in Sources */,
				D38558C32BD15EA7008DE4C6 /* RegistroViewModel.swift in Sources */,
				D38558972BD15D56008DE4C6 /* ContentView.swift in Sources */,
				D38558952BD15D56008DE4C6 /* Ejercicio_MVVMApp.swift in Sources */,
				D38558C12BD15E89008DE4C6 /* RegistroView.swift in Sources */,
			);
			runOnlyForDeploymentPostprocessing = 0;
		};
		D385589D2BD15D5B008DE4C6 /* Sources */ = {
			isa = PBXSourcesBuildPhase;
			buildActionMask = 2147483647;
			files = (
				D38558A62BD15D5B008DE4C6 /* Ejercicio_MVVMTests.swift in Sources */,
			);
			runOnlyForDeploymentPostprocessing = 0;
		};
		D38558A72BD15D5B008DE4C6 /* Sources */ = {
			isa = PBXSourcesBuildPhase;
			buildActionMask = 2147483647;
			files = (
				D38558B22BD15D5B008DE4C6 /* Ejercicio_MVVMUITestsLaunchTests.swift in Sources */,
				D38558B02BD15D5B008DE4C6 /* Ejercicio_MVVMUITests.swift in Sources */,
			);
			runOnlyForDeploymentPostprocessing = 0;
		};
/* End PBXSourcesBuildPhase section */

/* Begin PBXTargetDependency section */
		D38558A32BD15D5B008DE4C6 /* PBXTargetDependency */ = {
			isa = PBXTargetDependency;
			target = D38558902BD15D56008DE4C6 /* Ejercicio MVVM */;
			targetProxy = D38558A22BD15D5B008DE4C6 /* PBXContainerItemProxy */;
		};
		D38558AD2BD15D5B008DE4C6 /* PBXTargetDependency */ = {
			isa = PBXTargetDependency;
			target = D38558902BD15D56008DE4C6 /* Ejercicio MVVM */;
			targetProxy = D38558AC2BD15D5B008DE4C6 /* PBXContainerItemProxy */;
		};
/* End PBXTargetDependency section */

/* Begin XCBuildConfiguration section */
		D38558B32BD15D5B008DE4C6 /* Debug */ = {
			isa = XCBuildConfiguration;
			buildSettings = {
				ALWAYS_SEARCH_USER_PATHS = NO;
				CLANG_ANALYZER_NONNULL = YES;
				CLANG_ANALYZER_NUMBER_OBJECT_CONVERSION = YES_AGGRESSIVE;
				CLANG_CXX_LANGUAGE_STANDARD = "gnu++17";
				CLANG_ENABLE_MODULES = YES;
				CLANG_ENABLE_OBJC_ARC = YES;
				CLANG_ENABLE_OBJC_WEAK = YES;
				CLANG_WARN_BLOCK_CAPTURE_AUTORELEASING = YES;
				CLANG_WARN_BOOL_CONVERSION = YES;
				CLANG_WARN_COMMA = YES;
				CLANG_WARN_CONSTANT_CONVERSION = YES;
				CLANG_WARN_DEPRECATED_OBJC_IMPLEMENTATIONS = YES;
				CLANG_WARN_DIRECT_OBJC_ISA_USAGE = YES_ERROR;
				CLANG_WARN_DOCUMENTATION_COMMENTS = YES;
				CLANG_WARN_EMPTY_BODY = YES;
				CLANG_WARN_ENUM_CONVERSION = YES;
				CLANG_WARN_INFINITE_RECURSION = YES;
				CLANG_WARN_INT_CONVERSION = YES;
				CLANG_WARN_NON_LITERAL_NULL_CONVERSION = YES;
				CLANG_WARN_OBJC_IMPLICIT_RETAIN_SELF = YES;
				CLANG_WARN_OBJC_LITERAL_CONVERSION = YES;
				CLANG_WARN_OBJC_ROOT_CLASS = YES_ERROR;
				CLANG_WARN_QUOTED_INCLUDE_IN_FRAMEWORK_HEADER = YES;
				CLANG_WARN_RANGE_LOOP_ANALYSIS = YES;
				CLANG_WARN_STRICT_PROTOTYPES = YES;
				CLANG_WARN_SUSPICIOUS_MOVE = YES;
				CLANG_WARN_UNGUARDED_AVAILABILITY = YES_AGGRESSIVE;
				CLANG_WARN_UNREACHABLE_CODE = YES;
				CLANG_WARN__DUPLICATE_METHOD_MATCH = YES;
				COPY_PHASE_STRIP = NO;
				DEBUG_INFORMATION_FORMAT = dwarf;
				ENABLE_STRICT_OBJC_MSGSEND = YES;
				ENABLE_TESTABILITY = YES;
				GCC_C_LANGUAGE_STANDARD = gnu11;
				GCC_DYNAMIC_NO_PIC = NO;
				GCC_NO_COMMON_BLOCKS = YES;
				GCC_OPTIMIZATION_LEVEL = 0;
				GCC_PREPROCESSOR_DEFINITIONS = (
					"DEBUG=1",
					"$(inherited)",
				);
				GCC_WARN_64_TO_32_BIT_CONVERSION = YES;
				GCC_WARN_ABOUT_RETURN_TYPE = YES_ERROR;
				GCC_WARN_UNDECLARED_SELECTOR = YES;
				GCC_WARN_UNINITIALIZED_AUTOS = YES_AGGRESSIVE;
				GCC_WARN_UNUSED_FUNCTION = YES;
				GCC_WARN_UNUSED_VARIABLE = YES;
				IPHONEOS_DEPLOYMENT_TARGET = 15.5;
				MTL_ENABLE_DEBUG_INFO = INCLUDE_SOURCE;
				MTL_FAST_MATH = YES;
				ONLY_ACTIVE_ARCH = YES;
				SDKROOT = iphoneos;
				SWIFT_ACTIVE_COMPILATION_CONDITIONS = DEBUG;
				SWIFT_OPTIMIZATION_LEVEL = "-Onone";
			};
			name = Debug;
		};
		D38558B42BD15D5B008DE4C6 /* Release */ = {
			isa = XCBuildConfiguration;
			buildSettings = {
				ALWAYS_SEARCH_USER_PATHS = NO;
				CLANG_ANALYZER_NONNULL = YES;
				CLANG_ANALYZER_NUMBER_OBJECT_CONVERSION = YES_AGGRESSIVE;
				CLANG_CXX_LANGUAGE_STANDARD = "gnu++17";
				CLANG_ENABLE_MODULES = YES;
				CLANG_ENABLE_OBJC_ARC = YES;
				CLANG_ENABLE_OBJC_WEAK = YES;
				CLANG_WARN_BLOCK_CAPTURE_AUTORELEASING = YES;
				CLANG_WARN_BOOL_CONVERSION = YES;
				CLANG_WARN_COMMA = YES;
				CLANG_WARN_CONSTANT_CONVERSION = YES;
				CLANG_WARN_DEPRECATED_OBJC_IMPLEMENTATIONS = YES;
				CLANG_WARN_DIRECT_OBJC_ISA_USAGE = YES_ERROR;
				CLANG_WARN_DOCUMENTATION_COMMENTS = YES;
				CLANG_WARN_EMPTY_BODY = YES;
				CLANG_WARN_ENUM_CONVERSION = YES;
				CLANG_WARN_INFINITE_RECURSION = YES;
				CLANG_WARN_INT_CONVERSION = YES;
				CLANG_WARN_NON_LITERAL_NULL_CONVERSION = YES;
				CLANG_WARN_OBJC_IMPLICIT_RETAIN_SELF = YES;
				CLANG_WARN_OBJC_LITERAL_CONVERSION = YES;
				CLANG_WARN_OBJC_ROOT_CLASS = YES_ERROR;
				CLANG_WARN_QUOTED_INCLUDE_IN_FRAMEWORK_HEADER = YES;
				CLANG_WARN_RANGE_LOOP_ANALYSIS = YES;
				CLANG_WARN_STRICT_PROTOTYPES = YES;
				CLANG_WARN_SUSPICIOUS_MOVE = YES;
				CLANG_WARN_UNGUARDED_AVAILABILITY = YES_AGGRESSIVE;
				CLANG_WARN_UNREACHABLE_CODE = YES;
				CLANG_WARN__DUPLICATE_METHOD_MATCH = YES;
				COPY_PHASE_STRIP = NO;
				DEBUG_INFORMATION_FORMAT = "dwarf-with-dsym";
				ENABLE_NS_ASSERTIONS = NO;
				ENABLE_STRICT_OBJC_MSGSEND = YES;
				GCC_C_LANGUAGE_STANDARD = gnu11;
				GCC_NO_COMMON_BLOCKS = YES;
				GCC_WARN_64_TO_32_BIT_CONVERSION = YES;
				GCC_WARN_ABOUT_RETURN_TYPE = YES_ERROR;
				GCC_WARN_UNDECLARED_SELECTOR = YES;
				GCC_WARN_UNINITIALIZED_AUTOS = YES_AGGRESSIVE;
				GCC_WARN_UNUSED_FUNCTION = YES;
				GCC_WARN_UNUSED_VARIABLE = YES;
				IPHONEOS_DEPLOYMENT_TARGET = 15.5;
				MTL_ENABLE_DEBUG_INFO = NO;
				MTL_FAST_MATH = YES;
				SDKROOT = iphoneos;
				SWIFT_COMPILATION_MODE = wholemodule;
				SWIFT_OPTIMIZATION_LEVEL = "-O";
				VALIDATE_PRODUCT = YES;
			};
			name = Release;
		};
		D38558B62BD15D5B008DE4C6 /* Debug */ = {
			isa = XCBuildConfiguration;
			buildSettings = {
				ASSETCATALOG_COMPILER_APPICON_NAME = AppIcon;
				ASSETCATALOG_COMPILER_GLOBAL_ACCENT_COLOR_NAME = AccentColor;
				CODE_SIGN_STYLE = Automatic;
				CURRENT_PROJECT_VERSION = 1;
				DEVELOPMENT_ASSET_PATHS = "\"Ejercicio MVVM/Preview Content\"";
				DEVELOPMENT_TEAM = 4XY3UWP6VF;
				ENABLE_PREVIEWS = YES;
				GENERATE_INFOPLIST_FILE = YES;
				INFOPLIST_KEY_UIApplicationSceneManifest_Generation = YES;
				INFOPLIST_KEY_UIApplicationSupportsIndirectInputEvents = YES;
				INFOPLIST_KEY_UILaunchScreen_Generation = YES;
				INFOPLIST_KEY_UISupportedInterfaceOrientations_iPad = "UIInterfaceOrientationPortrait UIInterfaceOrientationPortraitUpsideDown UIInterfaceOrientationLandscapeLeft UIInterfaceOrientationLandscapeRight";
				INFOPLIST_KEY_UISupportedInterfaceOrientations_iPhone = "UIInterfaceOrientationPortrait UIInterfaceOrientationLandscapeLeft UIInterfaceOrientationLandscapeRight";
				LD_RUNPATH_SEARCH_PATHS = (
					"$(inherited)",
					"@executable_path/Frameworks",
				);
				MARKETING_VERSION = 1.0;
				PRODUCT_BUNDLE_IDENTIFIER = "alberto.Ejercicio-MVVM";
				PRODUCT_NAME = "$(TARGET_NAME)";
				SWIFT_EMIT_LOC_STRINGS = YES;
				SWIFT_VERSION = 5.0;
				TARGETED_DEVICE_FAMILY = "1,2";
			};
			name = Debug;
		};
		D38558B72BD15D5B008DE4C6 /* Release */ = {
			isa = XCBuildConfiguration;
			buildSettings = {
				ASSETCATALOG_COMPILER_APPICON_NAME = AppIcon;
				ASSETCATALOG_COMPILER_GLOBAL_ACCENT_COLOR_NAME = AccentColor;
				CODE_SIGN_STYLE = Automatic;
				CURRENT_PROJECT_VERSION = 1;
				DEVELOPMENT_ASSET_PATHS = "\"Ejercicio MVVM/Preview Content\"";
				DEVELOPMENT_TEAM = 4XY3UWP6VF;
				ENABLE_PREVIEWS = YES;
				GENERATE_INFOPLIST_FILE = YES;
				INFOPLIST_KEY_UIApplicationSceneManifest_Generation = YES;
				INFOPLIST_KEY_UIApplicationSupportsIndirectInputEvents = YES;
				INFOPLIST_KEY_UILaunchScreen_Generation = YES;
				INFOPLIST_KEY_UISupportedInterfaceOrientations_iPad = "UIInterfaceOrientationPortrait UIInterfaceOrientationPortraitUpsideDown UIInterfaceOrientationLandscapeLeft UIInterfaceOrientationLandscapeRight";
				INFOPLIST_KEY_UISupportedInterfaceOrientations_iPhone = "UIInterfaceOrientationPortrait UIInterfaceOrientationLandscapeLeft UIInterfaceOrientationLandscapeRight";
				LD_RUNPATH_SEARCH_PATHS = (
					"$(inherited)",
					"@executable_path/Frameworks",
				);
				MARKETING_VERSION = 1.0;
				PRODUCT_BUNDLE_IDENTIFIER = "alberto.Ejercicio-MVVM";
				PRODUCT_NAME = "$(TARGET_NAME)";
				SWIFT_EMIT_LOC_STRINGS = YES;
				SWIFT_VERSION = 5.0;
				TARGETED_DEVICE_FAMILY = "1,2";
			};
			name = Release;
		};
		D38558B92BD15D5B008DE4C6 /* Debug */ = {
			isa = XCBuildConfiguration;
			buildSettings = {
				ALWAYS_EMBED_SWIFT_STANDARD_LIBRARIES = YES;
				BUNDLE_LOADER = "$(TEST_HOST)";
				CODE_SIGN_STYLE = Automatic;
				CURRENT_PROJECT_VERSION = 1;
				DEVELOPMENT_TEAM = 4XY3UWP6VF;
				GENERATE_INFOPLIST_FILE = YES;
				IPHONEOS_DEPLOYMENT_TARGET = 15.5;
				MARKETING_VERSION = 1.0;
				PRODUCT_BUNDLE_IDENTIFIER = "alberto.Ejercicio-MVVMTests";
				PRODUCT_NAME = "$(TARGET_NAME)";
				SWIFT_EMIT_LOC_STRINGS = NO;
				SWIFT_VERSION = 5.0;
				TARGETED_DEVICE_FAMILY = "1,2";
				TEST_HOST = "$(BUILT_PRODUCTS_DIR)/Ejercicio MVVM.app/Ejercicio MVVM";
			};
			name = Debug;
		};
		D38558BA2BD15D5B008DE4C6 /* Release */ = {
			isa = XCBuildConfiguration;
			buildSettings = {
				ALWAYS_EMBED_SWIFT_STANDARD_LIBRARIES = YES;
				BUNDLE_LOADER = "$(TEST_HOST)";
				CODE_SIGN_STYLE = Automatic;
				CURRENT_PROJECT_VERSION = 1;
				DEVELOPMENT_TEAM = 4XY3UWP6VF;
				GENERATE_INFOPLIST_FILE = YES;
				IPHONEOS_DEPLOYMENT_TARGET = 15.5;
				MARKETING_VERSION = 1.0;
				PRODUCT_BUNDLE_IDENTIFIER = "alberto.Ejercicio-MVVMTests";
				PRODUCT_NAME = "$(TARGET_NAME)";
				SWIFT_EMIT_LOC_STRINGS = NO;
				SWIFT_VERSION = 5.0;
				TARGETED_DEVICE_FAMILY = "1,2";
				TEST_HOST = "$(BUILT_PRODUCTS_DIR)/Ejercicio MVVM.app/Ejercicio MVVM";
			};
			name = Release;
		};
		D38558BC2BD15D5B008DE4C6 /* Debug */ = {
			isa = XCBuildConfiguration;
			buildSettings = {
				ALWAYS_EMBED_SWIFT_STANDARD_LIBRARIES = YES;
				CODE_SIGN_STYLE = Automatic;
				CURRENT_PROJECT_VERSION = 1;
				DEVELOPMENT_TEAM = 4XY3UWP6VF;
				GENERATE_INFOPLIST_FILE = YES;
				MARKETING_VERSION = 1.0;
				PRODUCT_BUNDLE_IDENTIFIER = "alberto.Ejercicio-MVVMUITests";
				PRODUCT_NAME = "$(TARGET_NAME)";
				SWIFT_EMIT_LOC_STRINGS = NO;
				SWIFT_VERSION = 5.0;
				TARGETED_DEVICE_FAMILY = "1,2";
				TEST_TARGET_NAME = "Ejercicio MVVM";
			};
			name = Debug;
		};
		D38558BD2BD15D5B008DE4C6 /* Release */ = {
			isa = XCBuildConfiguration;
			buildSettings = {
				ALWAYS_EMBED_SWIFT_STANDARD_LIBRARIES = YES;
				CODE_SIGN_STYLE = Automatic;
				CURRENT_PROJECT_VERSION = 1;
				DEVELOPMENT_TEAM = 4XY3UWP6VF;
				GENERATE_INFOPLIST_FILE = YES;
				MARKETING_VERSION = 1.0;
				PRODUCT_BUNDLE_IDENTIFIER = "alberto.Ejercicio-MVVMUITests";
				PRODUCT_NAME = "$(TARGET_NAME)";
				SWIFT_EMIT_LOC_STRINGS = NO;
				SWIFT_VERSION = 5.0;
				TARGETED_DEVICE_FAMILY = "1,2";
				TEST_TARGET_NAME = "Ejercicio MVVM";
			};
			name = Release;
		};
/* End XCBuildConfiguration section */

/* Begin XCConfigurationList section */
		D385588C2BD15D56008DE4C6 /* Build configuration list for PBXProject "Ejercicio MVVM" */ = {
			isa = XCConfigurationList;
			buildConfigurations = (
				D38558B32BD15D5B008DE4C6 /* Debug */,
				D38558B42BD15D5B008DE4C6 /* Release */,
			);
			defaultConfigurationIsVisible = 0;
			defaultConfigurationName = Release;
		};
		D38558B52BD15D5B008DE4C6 /* Build configuration list for PBXNativeTarget "Ejercicio MVVM" */ = {
			isa = XCConfigurationList;
			buildConfigurations = (
				D38558B62BD15D5B008DE4C6 /* Debug */,
				D38558B72BD15D5B008DE4C6 /* Release */,
			);
			defaultConfigurationIsVisible = 0;
			defaultConfigurationName = Release;
		};
		D38558B82BD15D5B008DE4C6 /* Build configuration list for PBXNativeTarget "Ejercicio MVVMTests" */ = {
			isa = XCConfigurationList;
			buildConfigurations = (
				D38558B92BD15D5B008DE4C6 /* Debug */,
				D38558BA2BD15D5B008DE4C6 /* Release */,
			);
			defaultConfigurationIsVisible = 0;
			defaultConfigurationName = Release;
		};
		D38558BB2BD15D5B008DE4C6 /* Build configuration list for PBXNativeTarget "Ejercicio MVVMUITests" */ = {
			isa = XCConfigurationList;
			buildConfigurations = (
				D38558BC2BD15D5B008DE4C6 /* Debug */,
				D38558BD2BD15D5B008DE4C6 /* Release */,
			);
			defaultConfigurationIsVisible = 0;
			defaultConfigurationName = Release;
		};
/* End XCConfigurationList section */
	};
	rootObject = D38558892BD15D56008DE4C6 /* Project object */;
}
